
Microsoft Visual Studio Solution File, Format Version 12.00
# Visual Studio 15
VisualStudioVersion = 15.0.28307.421
MinimumVisualStudioVersion = 10.0.40219.1
Project("{9A19103F-16F7-4668-BE54-9A1E7A4F7556}") = "Algorithm", "Algorithm\Algorithm.csproj", "{C617E9AC-9E55-4412-BC3E-CCC71C8B1E6F}"
EndProject
Project("{FAE04EC0-301F-11D3-BF4B-00C04F79EFBC}") = "Test", "Test\Test.csproj", "{0D78F49E-2775-4B70-A1A3-327BECBAD496}"
EndProject
Global
	GlobalSection(SolutionConfigurationPlatforms) = preSolution
		Debug|Any CPU = Debug|Any CPU
		Release|Any CPU = Release|Any CPU
	EndGlobalSection
	GlobalSection(ProjectConfigurationPlatforms) = postSolution
		{C617E9AC-9E55-4412-BC3E-CCC71C8B1E6F}.Debug|Any CPU.ActiveCfg = Debug|Any CPU
		{C617E9AC-9E55-4412-BC3E-CCC71C8B1E6F}.Debug|Any CPU.Build.0 = Debug|Any CPU
		{C617E9AC-9E55-4412-BC3E-CCC71C8B1E6F}.Release|Any CPU.ActiveCfg = Release|Any CPU
		{C617E9AC-9E55-4412-BC3E-CCC71C8B1E6F}.Release|Any CPU.Build.0 = Release|Any CPU
		{0D78F49E-2775-4B70-A1A3-327BECBAD496}.Debug|Any CPU.ActiveCfg = Debug|Any CPU
		{0D78F49E-2775-4B70-A1A3-327BECBAD496}.Debug|Any CPU.Build.0 = Debug|Any CPU
		{0D78F49E-2775-4B70-A1A3-327BECBAD496}.Release|Any CPU.ActiveCfg = Release|Any CPU
		{0D78F49E-2775-4B70-A1A3-327BECBAD496}.Release|Any CPU.Build.0 = Release|Any CPU
	EndGlobalSection
	GlobalSection(SolutionProperties) = preSolution
		HideSolutionNode = FALSE
	EndGlobalSection
	GlobalSection(ExtensibilityGlobals) = postSolution
		SolutionGuid = {1C421EDA-4926-4E9A-9ACC-978D53201D24}
	EndGlobalSection
EndGlobal
